
Microsoft Visual Studio Solution File, Format Version 12.00
# Visual Studio Version 17
VisualStudioVersion = 17.14.36119.2 d17.14
MinimumVisualStudioVersion = 10.0.40219.1
Project("{8BC9CEB8-8B4A-11D0-8D11-00A0C91BC942}") = "Solution53", "Solution53\Solution53.vcxproj", "{FA114997-6F6B-4FD5-8B43-4B1E2C2F2886}"
EndProject
Global
	GlobalSection(SolutionConfigurationPlatforms) = preSolution
		Debug|x64 = Debug|x64
		Debug|x86 = Debug|x86
		Release|x64 = Release|x64
		Release|x86 = Release|x86
	EndGlobalSection
	GlobalSection(ProjectConfigurationPlatforms) = postSolution
		{FA114997-6F6B-4FD5-8B43-4B1E2C2F2886}.Debug|x64.ActiveCfg = Debug|x64
		{FA114997-6F6B-4FD5-8B43-4B1E2C2F2886}.Debug|x64.Build.0 = Debug|x64
		{FA114997-6F6B-4FD5-8B43-4B1E2C2F2886}.Debug|x86.ActiveCfg = Debug|Win32
		{FA114997-6F6B-4FD5-8B43-4B1E2C2F2886}.Debug|x86.Build.0 = Debug|Win32
		{FA114997-6F6B-4FD5-8B43-4B1E2C2F2886}.Release|x64.ActiveCfg = Release|x64
		{FA114997-6F6B-4FD5-8B43-4B1E2C2F2886}.Release|x64.Build.0 = Release|x64
		{FA114997-6F6B-4FD5-8B43-4B1E2C2F2886}.Release|x86.ActiveCfg = Release|Win32
		{FA114997-6F6B-4FD5-8B43-4B1E2C2F2886}.Release|x86.Build.0 = Release|Win32
	EndGlobalSection
	GlobalSection(SolutionProperties) = preSolution
		HideSolutionNode = FALSE
	EndGlobalSection
	GlobalSection(ExtensibilityGlobals) = postSolution
		SolutionGuid = {509C093A-5108-40DB-85B7-828F13BAB2D0}
	EndGlobalSection
EndGlobal
