
Microsoft Visual Studio Solution File, Format Version 12.00
# Visual Studio Version 17
VisualStudioVersion = 17.14.36119.2 d17.14
MinimumVisualStudioVersion = 10.0.40219.1
Project("{8BC9CEB8-8B4A-11D0-8D11-00A0C91BC942}") = "Solution65", "Solution65\Solution65.vcxproj", "{338F4FFA-27A5-42C9-BB6D-B945C5083176}"
EndProject
Global
	GlobalSection(SolutionConfigurationPlatforms) = preSolution
		Debug|x64 = Debug|x64
		Debug|x86 = Debug|x86
		Release|x64 = Release|x64
		Release|x86 = Release|x86
	EndGlobalSection
	GlobalSection(ProjectConfigurationPlatforms) = postSolution
		{338F4FFA-27A5-42C9-BB6D-B945C5083176}.Debug|x64.ActiveCfg = Debug|x64
		{338F4FFA-27A5-42C9-BB6D-B945C5083176}.Debug|x64.Build.0 = Debug|x64
		{338F4FFA-27A5-42C9-BB6D-B945C5083176}.Debug|x86.ActiveCfg = Debug|Win32
		{338F4FFA-27A5-42C9-BB6D-B945C5083176}.Debug|x86.Build.0 = Debug|Win32
		{338F4FFA-27A5-42C9-BB6D-B945C5083176}.Release|x64.ActiveCfg = Release|x64
		{338F4FFA-27A5-42C9-BB6D-B945C5083176}.Release|x64.Build.0 = Release|x64
		{338F4FFA-27A5-42C9-BB6D-B945C5083176}.Release|x86.ActiveCfg = Release|Win32
		{338F4FFA-27A5-42C9-BB6D-B945C5083176}.Release|x86.Build.0 = Release|Win32
	EndGlobalSection
	GlobalSection(SolutionProperties) = preSolution
		HideSolutionNode = FALSE
	EndGlobalSection
	GlobalSection(ExtensibilityGlobals) = postSolution
		SolutionGuid = {5A01DA6E-DC42-4A20-93C8-A8FD47047C30}
	EndGlobalSection
EndGlobal
