
Microsoft Visual Studio Solution File, Format Version 12.00
# Visual Studio Version 17
VisualStudioVersion = 17.14.36119.2 d17.14
MinimumVisualStudioVersion = 10.0.40219.1
Project("{8BC9CEB8-8B4A-11D0-8D11-00A0C91BC942}") = "Solution52", "Solution52\Solution52.vcxproj", "{2A77F8C2-A8B0-48B8-A5AC-9E1D1408E804}"
EndProject
Global
	GlobalSection(SolutionConfigurationPlatforms) = preSolution
		Debug|x64 = Debug|x64
		Debug|x86 = Debug|x86
		Release|x64 = Release|x64
		Release|x86 = Release|x86
	EndGlobalSection
	GlobalSection(ProjectConfigurationPlatforms) = postSolution
		{2A77F8C2-A8B0-48B8-A5AC-9E1D1408E804}.Debug|x64.ActiveCfg = Debug|x64
		{2A77F8C2-A8B0-48B8-A5AC-9E1D1408E804}.Debug|x64.Build.0 = Debug|x64
		{2A77F8C2-A8B0-48B8-A5AC-9E1D1408E804}.Debug|x86.ActiveCfg = Debug|Win32
		{2A77F8C2-A8B0-48B8-A5AC-9E1D1408E804}.Debug|x86.Build.0 = Debug|Win32
		{2A77F8C2-A8B0-48B8-A5AC-9E1D1408E804}.Release|x64.ActiveCfg = Release|x64
		{2A77F8C2-A8B0-48B8-A5AC-9E1D1408E804}.Release|x64.Build.0 = Release|x64
		{2A77F8C2-A8B0-48B8-A5AC-9E1D1408E804}.Release|x86.ActiveCfg = Release|Win32
		{2A77F8C2-A8B0-48B8-A5AC-9E1D1408E804}.Release|x86.Build.0 = Release|Win32
	EndGlobalSection
	GlobalSection(SolutionProperties) = preSolution
		HideSolutionNode = FALSE
	EndGlobalSection
	GlobalSection(ExtensibilityGlobals) = postSolution
		SolutionGuid = {CF0020FB-F482-479F-A5FA-47404EECA966}
	EndGlobalSection
EndGlobal
