
Microsoft Visual Studio Solution File, Format Version 12.00
# Visual Studio Version 17
VisualStudioVersion = 17.14.36119.2 d17.14
MinimumVisualStudioVersion = 10.0.40219.1
Project("{8BC9CEB8-8B4A-11D0-8D11-00A0C91BC942}") = "Solution5", "Solution5\Solution5.vcxproj", "{FE3B1042-A24C-4933-B595-127238935530}"
EndProject
Global
	GlobalSection(SolutionConfigurationPlatforms) = preSolution
		Debug|x64 = Debug|x64
		Debug|x86 = Debug|x86
		Release|x64 = Release|x64
		Release|x86 = Release|x86
	EndGlobalSection
	GlobalSection(ProjectConfigurationPlatforms) = postSolution
		{FE3B1042-A24C-4933-B595-127238935530}.Debug|x64.ActiveCfg = Debug|x64
		{FE3B1042-A24C-4933-B595-127238935530}.Debug|x64.Build.0 = Debug|x64
		{FE3B1042-A24C-4933-B595-127238935530}.Debug|x86.ActiveCfg = Debug|Win32
		{FE3B1042-A24C-4933-B595-127238935530}.Debug|x86.Build.0 = Debug|Win32
		{FE3B1042-A24C-4933-B595-127238935530}.Release|x64.ActiveCfg = Release|x64
		{FE3B1042-A24C-4933-B595-127238935530}.Release|x64.Build.0 = Release|x64
		{FE3B1042-A24C-4933-B595-127238935530}.Release|x86.ActiveCfg = Release|Win32
		{FE3B1042-A24C-4933-B595-127238935530}.Release|x86.Build.0 = Release|Win32
	EndGlobalSection
	GlobalSection(SolutionProperties) = preSolution
		HideSolutionNode = FALSE
	EndGlobalSection
	GlobalSection(ExtensibilityGlobals) = postSolution
		SolutionGuid = {88641AD2-1511-46DA-95A0-EA191CBC03D9}
	EndGlobalSection
EndGlobal
